
Microsoft Visual Studio Solution File, Format Version 12.00
# Visual Studio 2012
Project("{FAE04EC0-301F-11D3-BF4B-00C04F79EFBC}") = "Edge", "Edge\Edge.csproj", "{DBF3E801-50B9-4725-9755-67FF118E9B0E}"
EndProject
Project("{FAE04EC0-301F-11D3-BF4B-00C04F79EFBC}") = "EdgeDemo", "EdgeDemo\EdgeDemo.csproj", "{D147DA9E-418A-4523-BECD-710E7CD62C9D}"
EndProject
Project("{2150E333-8FDC-42A3-9474-1A3956D46DE8}") = ".nuget", ".nuget", "{46C7E2A3-80DC-4649-B8F2-70C8AFBF8A42}"
	ProjectSection(SolutionItems) = preProject
		.nuget\NuGet.Config = .nuget\NuGet.Config
		.nuget\NuGet.targets = .nuget\NuGet.targets
		.nuget\nuget.exe = .nuget\nuget.exe
	EndProjectSection
EndProject
Project("{FAE04EC0-301F-11D3-BF4B-00C04F79EFBC}") = "Razelyn", "Razelyn\Razelyn.csproj", "{46FDB295-2468-42D4-9947-03A10B535732}"
EndProject
Project("{FAE04EC0-301F-11D3-BF4B-00C04F79EFBC}") = "Razelyn.Facts", "Razelyn.Facts\Razelyn.Facts.csproj", "{7439319A-5DAF-49FF-B05F-4147093DC384}"
EndProject
Global
	GlobalSection(SolutionConfigurationPlatforms) = preSolution
		Debug|Any CPU = Debug|Any CPU
		Release|Any CPU = Release|Any CPU
	EndGlobalSection
	GlobalSection(ProjectConfigurationPlatforms) = postSolution
		{46FDB295-2468-42D4-9947-03A10B535732}.Debug|Any CPU.ActiveCfg = Debug|Any CPU
		{46FDB295-2468-42D4-9947-03A10B535732}.Debug|Any CPU.Build.0 = Debug|Any CPU
		{46FDB295-2468-42D4-9947-03A10B535732}.Release|Any CPU.ActiveCfg = Release|Any CPU
		{46FDB295-2468-42D4-9947-03A10B535732}.Release|Any CPU.Build.0 = Release|Any CPU
		{7439319A-5DAF-49FF-B05F-4147093DC384}.Debug|Any CPU.ActiveCfg = Debug|Any CPU
		{7439319A-5DAF-49FF-B05F-4147093DC384}.Debug|Any CPU.Build.0 = Debug|Any CPU
		{7439319A-5DAF-49FF-B05F-4147093DC384}.Release|Any CPU.ActiveCfg = Release|Any CPU
		{7439319A-5DAF-49FF-B05F-4147093DC384}.Release|Any CPU.Build.0 = Release|Any CPU
		{D147DA9E-418A-4523-BECD-710E7CD62C9D}.Debug|Any CPU.ActiveCfg = Debug|Any CPU
		{D147DA9E-418A-4523-BECD-710E7CD62C9D}.Debug|Any CPU.Build.0 = Debug|Any CPU
		{D147DA9E-418A-4523-BECD-710E7CD62C9D}.Release|Any CPU.ActiveCfg = Release|Any CPU
		{D147DA9E-418A-4523-BECD-710E7CD62C9D}.Release|Any CPU.Build.0 = Release|Any CPU
		{DBF3E801-50B9-4725-9755-67FF118E9B0E}.Debug|Any CPU.ActiveCfg = Debug|Any CPU
		{DBF3E801-50B9-4725-9755-67FF118E9B0E}.Debug|Any CPU.Build.0 = Debug|Any CPU
		{DBF3E801-50B9-4725-9755-67FF118E9B0E}.Release|Any CPU.ActiveCfg = Release|Any CPU
		{DBF3E801-50B9-4725-9755-67FF118E9B0E}.Release|Any CPU.Build.0 = Release|Any CPU
	EndGlobalSection
	GlobalSection(SolutionProperties) = preSolution
		HideSolutionNode = FALSE
	EndGlobalSection
EndGlobal
